
Microsoft Visual Studio Solution File, Format Version 12.00
# Visual Studio Version 17
VisualStudioVersion = 17.11.34819.229
MinimumVisualStudioVersion = 10.0.40219.1
Project("{9A19103F-16F7-4668-BE54-9A1E7A4F7556}") = "SimpleInvokeDemo", "SimpleInvokeDemo\SimpleInvokeDemo.csproj", "{90436056-5E89-4D2A-9FAE-AC9B6040AD8E}"
EndProject
Project("{2150E333-8FDC-42A3-9474-1A3956D46DE8}") = "Blackboard WebApi-WebView2 Demo", "Blackboard WebApi-WebView2 Demo", "{1580E442-44B7-4F0C-A8EB-8BFBF364C333}"
EndProject
Project("{9A19103F-16F7-4668-BE54-9A1E7A4F7556}") = "BlackBoardWebApi", "Blackboard\BlackBoardWebApi\BlackBoardWebApi.csproj", "{CBCF901D-22A5-49DF-8BB5-926D082CF587}"
EndProject
Project("{9A19103F-16F7-4668-BE54-9A1E7A4F7556}") = "BlackBoardWinForms", "Blackboard\BlackBoardWinForms\BlackBoardWinForms.csproj", "{883FD30C-A291-462B-A74C-7E1FBB961F82}"
EndProject
Global
	GlobalSection(SolutionConfigurationPlatforms) = preSolution
		Debug|Any CPU = Debug|Any CPU
		Release|Any CPU = Release|Any CPU
	EndGlobalSection
	GlobalSection(ProjectConfigurationPlatforms) = postSolution
		{90436056-5E89-4D2A-9FAE-AC9B6040AD8E}.Debug|Any CPU.ActiveCfg = Debug|Any CPU
		{90436056-5E89-4D2A-9FAE-AC9B6040AD8E}.Debug|Any CPU.Build.0 = Debug|Any CPU
		{90436056-5E89-4D2A-9FAE-AC9B6040AD8E}.Release|Any CPU.ActiveCfg = Release|Any CPU
		{90436056-5E89-4D2A-9FAE-AC9B6040AD8E}.Release|Any CPU.Build.0 = Release|Any CPU
		{CBCF901D-22A5-49DF-8BB5-926D082CF587}.Debug|Any CPU.ActiveCfg = Debug|Any CPU
		{CBCF901D-22A5-49DF-8BB5-926D082CF587}.Debug|Any CPU.Build.0 = Debug|Any CPU
		{CBCF901D-22A5-49DF-8BB5-926D082CF587}.Release|Any CPU.ActiveCfg = Release|Any CPU
		{CBCF901D-22A5-49DF-8BB5-926D082CF587}.Release|Any CPU.Build.0 = Release|Any CPU
		{883FD30C-A291-462B-A74C-7E1FBB961F82}.Debug|Any CPU.ActiveCfg = Debug|Any CPU
		{883FD30C-A291-462B-A74C-7E1FBB961F82}.Debug|Any CPU.Build.0 = Debug|Any CPU
		{883FD30C-A291-462B-A74C-7E1FBB961F82}.Release|Any CPU.ActiveCfg = Release|Any CPU
		{883FD30C-A291-462B-A74C-7E1FBB961F82}.Release|Any CPU.Build.0 = Release|Any CPU
	EndGlobalSection
	GlobalSection(SolutionProperties) = preSolution
		HideSolutionNode = FALSE
	EndGlobalSection
	GlobalSection(NestedProjects) = preSolution
		{CBCF901D-22A5-49DF-8BB5-926D082CF587} = {1580E442-44B7-4F0C-A8EB-8BFBF364C333}
		{883FD30C-A291-462B-A74C-7E1FBB961F82} = {1580E442-44B7-4F0C-A8EB-8BFBF364C333}
	EndGlobalSection
	GlobalSection(ExtensibilityGlobals) = postSolution
		SolutionGuid = {06CE99B5-3E86-4C73-B831-6A6EE6560F77}
	EndGlobalSection
EndGlobal
